
Microsoft Visual Studio Solution File, Format Version 12.00
# Visual Studio 15
VisualStudioVersion = 15.0.27428.2005
MinimumVisualStudioVersion = 10.0.40219.1
Project("{FAE04EC0-301F-11D3-BF4B-00C04F79EFBC}") = "1-PrimeiroProjeto", "1-PrimeiroProjeto\1-PrimeiroProjeto.csproj", "{E1F88C66-5AFE-4BBF-B7CF-B2B9230CC931}"
EndProject
Project("{FAE04EC0-301F-11D3-BF4B-00C04F79EFBC}") = "2-CriandoVariaveis", "2-CriandoVariaveis\2-CriandoVariaveis.csproj", "{FBF6DE7D-39A9-4EC6-9963-6451DD4F2461}"
EndProject
Project("{FAE04EC0-301F-11D3-BF4B-00C04F79EFBC}") = "3-CriandoVariaveisPontoFlutuante", "3-CriandoVariaveisPontoFlutuante\3-CriandoVariaveisPontoFlutuante.csproj", "{643F870D-5823-4FBF-9613-225958FA8C1A}"
EndProject
Project("{FAE04EC0-301F-11D3-BF4B-00C04F79EFBC}") = "4-ConversoesEOutrosTiposNumericos", "4-ConversoesEOutrosTiposNumericos\4-ConversoesEOutrosTiposNumericos.csproj", "{11738812-85FC-4D9E-986B-7863806565B6}"
EndProject
Project("{FAE04EC0-301F-11D3-BF4B-00C04F79EFBC}") = "5-CaracteresETextos", "5-CaracteresETextos\5-CaracteresETextos.csproj", "{AC26A90D-3B70-420C-83F7-1F0C78236287}"
EndProject
Project("{FAE04EC0-301F-11D3-BF4B-00C04F79EFBC}") = "6-AtribuicoesDeVariaveis", "6-AtribuicoesDeVariaveis\6-AtribuicoesDeVariaveis.csproj", "{58FAD545-7CAE-42DA-AFF4-BD3FCDA2699D}"
EndProject
Project("{FAE04EC0-301F-11D3-BF4B-00C04F79EFBC}") = "7-Condicionais", "7-Condicionais\7-Condicionais.csproj", "{646CC56A-8A32-4D1E-A38C-0A4FC2E9C189}"
EndProject
Project("{FAE04EC0-301F-11D3-BF4B-00C04F79EFBC}") = "8-Condicionais2", "8-Condicionais2\8-Condicionais2.csproj", "{32E2D6B5-C875-4C58-B803-624AC61DC58D}"
EndProject
Project("{FAE04EC0-301F-11D3-BF4B-00C04F79EFBC}") = "9-Escopo", "9-Escopo\9-Escopo.csproj", "{EC15A72C-06AA-4A80-B9B9-2A93658ECBB2}"
EndProject
Project("{FAE04EC0-301F-11D3-BF4B-00C04F79EFBC}") = "P10-CalculaPoupanca", "P10-CalculaPoupanca\P10-CalculaPoupanca.csproj", "{2916E34B-C8DA-4FD8-BE5C-2C5A80CCE8A2}"
EndProject
Project("{FAE04EC0-301F-11D3-BF4B-00C04F79EFBC}") = "P11-CalculaPoupanca2", "P11-CalculaPoupanca2\P11-CalculaPoupanca2.csproj", "{4BAD99E6-8FCD-428A-89EA-6963BC393B8E}"
EndProject
Project("{FAE04EC0-301F-11D3-BF4B-00C04F79EFBC}") = "P12-CalculaInvestimentoLongoPrazo", "P12-CalculaInvestimentoLongoPrazo\P12-CalculaInvestimentoLongoPrazo.csproj", "{965CC871-32C4-454A-920F-ED17B24ACCB8}"
EndProject
Global
	GlobalSection(SolutionConfigurationPlatforms) = preSolution
		Debug|Any CPU = Debug|Any CPU
		Release|Any CPU = Release|Any CPU
	EndGlobalSection
	GlobalSection(ProjectConfigurationPlatforms) = postSolution
		{E1F88C66-5AFE-4BBF-B7CF-B2B9230CC931}.Debug|Any CPU.ActiveCfg = Debug|Any CPU
		{E1F88C66-5AFE-4BBF-B7CF-B2B9230CC931}.Debug|Any CPU.Build.0 = Debug|Any CPU
		{E1F88C66-5AFE-4BBF-B7CF-B2B9230CC931}.Release|Any CPU.ActiveCfg = Release|Any CPU
		{E1F88C66-5AFE-4BBF-B7CF-B2B9230CC931}.Release|Any CPU.Build.0 = Release|Any CPU
		{FBF6DE7D-39A9-4EC6-9963-6451DD4F2461}.Debug|Any CPU.ActiveCfg = Debug|Any CPU
		{FBF6DE7D-39A9-4EC6-9963-6451DD4F2461}.Debug|Any CPU.Build.0 = Debug|Any CPU
		{FBF6DE7D-39A9-4EC6-9963-6451DD4F2461}.Release|Any CPU.ActiveCfg = Release|Any CPU
		{FBF6DE7D-39A9-4EC6-9963-6451DD4F2461}.Release|Any CPU.Build.0 = Release|Any CPU
		{643F870D-5823-4FBF-9613-225958FA8C1A}.Debug|Any CPU.ActiveCfg = Debug|Any CPU
		{643F870D-5823-4FBF-9613-225958FA8C1A}.Debug|Any CPU.Build.0 = Debug|Any CPU
		{643F870D-5823-4FBF-9613-225958FA8C1A}.Release|Any CPU.ActiveCfg = Release|Any CPU
		{643F870D-5823-4FBF-9613-225958FA8C1A}.Release|Any CPU.Build.0 = Release|Any CPU
		{11738812-85FC-4D9E-986B-7863806565B6}.Debug|Any CPU.ActiveCfg = Debug|Any CPU
		{11738812-85FC-4D9E-986B-7863806565B6}.Debug|Any CPU.Build.0 = Debug|Any CPU
		{11738812-85FC-4D9E-986B-7863806565B6}.Release|Any CPU.ActiveCfg = Release|Any CPU
		{11738812-85FC-4D9E-986B-7863806565B6}.Release|Any CPU.Build.0 = Release|Any CPU
		{AC26A90D-3B70-420C-83F7-1F0C78236287}.Debug|Any CPU.ActiveCfg = Debug|Any CPU
		{AC26A90D-3B70-420C-83F7-1F0C78236287}.Debug|Any CPU.Build.0 = Debug|Any CPU
		{AC26A90D-3B70-420C-83F7-1F0C78236287}.Release|Any CPU.ActiveCfg = Release|Any CPU
		{AC26A90D-3B70-420C-83F7-1F0C78236287}.Release|Any CPU.Build.0 = Release|Any CPU
		{58FAD545-7CAE-42DA-AFF4-BD3FCDA2699D}.Debug|Any CPU.ActiveCfg = Debug|Any CPU
		{58FAD545-7CAE-42DA-AFF4-BD3FCDA2699D}.Debug|Any CPU.Build.0 = Debug|Any CPU
		{58FAD545-7CAE-42DA-AFF4-BD3FCDA2699D}.Release|Any CPU.ActiveCfg = Release|Any CPU
		{58FAD545-7CAE-42DA-AFF4-BD3FCDA2699D}.Release|Any CPU.Build.0 = Release|Any CPU
		{646CC56A-8A32-4D1E-A38C-0A4FC2E9C189}.Debug|Any CPU.ActiveCfg = Debug|Any CPU
		{646CC56A-8A32-4D1E-A38C-0A4FC2E9C189}.Debug|Any CPU.Build.0 = Debug|Any CPU
		{646CC56A-8A32-4D1E-A38C-0A4FC2E9C189}.Release|Any CPU.ActiveCfg = Release|Any CPU
		{646CC56A-8A32-4D1E-A38C-0A4FC2E9C189}.Release|Any CPU.Build.0 = Release|Any CPU
		{32E2D6B5-C875-4C58-B803-624AC61DC58D}.Debug|Any CPU.ActiveCfg = Debug|Any CPU
		{32E2D6B5-C875-4C58-B803-624AC61DC58D}.Debug|Any CPU.Build.0 = Debug|Any CPU
		{32E2D6B5-C875-4C58-B803-624AC61DC58D}.Release|Any CPU.ActiveCfg = Release|Any CPU
		{32E2D6B5-C875-4C58-B803-624AC61DC58D}.Release|Any CPU.Build.0 = Release|Any CPU
		{EC15A72C-06AA-4A80-B9B9-2A93658ECBB2}.Debug|Any CPU.ActiveCfg = Debug|Any CPU
		{EC15A72C-06AA-4A80-B9B9-2A93658ECBB2}.Debug|Any CPU.Build.0 = Debug|Any CPU
		{EC15A72C-06AA-4A80-B9B9-2A93658ECBB2}.Release|Any CPU.ActiveCfg = Release|Any CPU
		{EC15A72C-06AA-4A80-B9B9-2A93658ECBB2}.Release|Any CPU.Build.0 = Release|Any CPU
		{2916E34B-C8DA-4FD8-BE5C-2C5A80CCE8A2}.Debug|Any CPU.ActiveCfg = Debug|Any CPU
		{2916E34B-C8DA-4FD8-BE5C-2C5A80CCE8A2}.Debug|Any CPU.Build.0 = Debug|Any CPU
		{2916E34B-C8DA-4FD8-BE5C-2C5A80CCE8A2}.Release|Any CPU.ActiveCfg = Release|Any CPU
		{2916E34B-C8DA-4FD8-BE5C-2C5A80CCE8A2}.Release|Any CPU.Build.0 = Release|Any CPU
		{4BAD99E6-8FCD-428A-89EA-6963BC393B8E}.Debug|Any CPU.ActiveCfg = Debug|Any CPU
		{4BAD99E6-8FCD-428A-89EA-6963BC393B8E}.Debug|Any CPU.Build.0 = Debug|Any CPU
		{4BAD99E6-8FCD-428A-89EA-6963BC393B8E}.Release|Any CPU.ActiveCfg = Release|Any CPU
		{4BAD99E6-8FCD-428A-89EA-6963BC393B8E}.Release|Any CPU.Build.0 = Release|Any CPU
		{965CC871-32C4-454A-920F-ED17B24ACCB8}.Debug|Any CPU.ActiveCfg = Debug|Any CPU
		{965CC871-32C4-454A-920F-ED17B24ACCB8}.Debug|Any CPU.Build.0 = Debug|Any CPU
		{965CC871-32C4-454A-920F-ED17B24ACCB8}.Release|Any CPU.ActiveCfg = Release|Any CPU
		{965CC871-32C4-454A-920F-ED17B24ACCB8}.Release|Any CPU.Build.0 = Release|Any CPU
	EndGlobalSection
	GlobalSection(SolutionProperties) = preSolution
		HideSolutionNode = FALSE
	EndGlobalSection
	GlobalSection(ExtensibilityGlobals) = postSolution
		SolutionGuid = {A9506FE7-3FA2-401D-9B30-42B44400C3E0}
	EndGlobalSection
EndGlobal
